
Microsoft Visual Studio Solution File, Format Version 12.00
# Visual Studio Version 17
VisualStudioVersion = 17.9.34728.123
MinimumVisualStudioVersion = 10.0.40219.1
Project("{FAE04EC0-301F-11D3-BF4B-00C04F79EFBC}") = "Teste_Xunit", "Teste_Xunit\Teste_Xunit.csproj", "{092770D8-5C85-4AF2-888B-8EC5AA600D65}"
EndProject
Global
	GlobalSection(SolutionConfigurationPlatforms) = preSolution
		Debug|Any CPU = Debug|Any CPU
		Release|Any CPU = Release|Any CPU
	EndGlobalSection
	GlobalSection(ProjectConfigurationPlatforms) = postSolution
		{092770D8-5C85-4AF2-888B-8EC5AA600D65}.Debug|Any CPU.ActiveCfg = Debug|Any CPU
		{092770D8-5C85-4AF2-888B-8EC5AA600D65}.Debug|Any CPU.Build.0 = Debug|Any CPU
		{092770D8-5C85-4AF2-888B-8EC5AA600D65}.Release|Any CPU.ActiveCfg = Release|Any CPU
		{092770D8-5C85-4AF2-888B-8EC5AA600D65}.Release|Any CPU.Build.0 = Release|Any CPU
	EndGlobalSection
	GlobalSection(SolutionProperties) = preSolution
		HideSolutionNode = FALSE
	EndGlobalSection
	GlobalSection(ExtensibilityGlobals) = postSolution
		SolutionGuid = {91886D36-CA38-4F80-A050-93781B5481B4}
	EndGlobalSection
EndGlobal
